{
    "_meta": {
        "hash": {
            "sha256": "caf75df2283f4cd60407d5a6c0763375f9b8793b57ce0ed6383ae24be7bf975c"
        },
        "pipfile-spec": 6,
        "requires": {
            "python_version": "3.6"
        },
        "sources": [
            {
                "name": "pypi",
                "url": "https://pypi.org/simple",
                "verify_ssl": true
            }
        ]
    },
    "default": {
        "firebot": {
            "git": "https://github.com/pouncysilverkitten/karelia"
        }
    },
    "develop": {}
}
